
Microsoft Visual Studio Solution File, Format Version 12.00
# Visual Studio Version 16
VisualStudioVersion = 16.0.30413.136
MinimumVisualStudioVersion = 10.0.40219.1
Project("{FAE04EC0-301F-11D3-BF4B-00C04F79EFBC}") = "Entidades", "Entidades\Entidades.csproj", "{F97AD7E9-3A17-47A7-AE37-BAC30D67C109}"
EndProject
Project("{FAE04EC0-301F-11D3-BF4B-00C04F79EFBC}") = "MiCalculadora", "MiCalculadora\MiCalculadora.csproj", "{EDC17B71-6974-4C64-8BDD-C5B772565F0B}"
EndProject
Global
	GlobalSection(SolutionConfigurationPlatforms) = preSolution
		Debug|Any CPU = Debug|Any CPU
		Release|Any CPU = Release|Any CPU
	EndGlobalSection
	GlobalSection(ProjectConfigurationPlatforms) = postSolution
		{F97AD7E9-3A17-47A7-AE37-BAC30D67C109}.Debug|Any CPU.ActiveCfg = Debug|Any CPU
		{F97AD7E9-3A17-47A7-AE37-BAC30D67C109}.Debug|Any CPU.Build.0 = Debug|Any CPU
		{F97AD7E9-3A17-47A7-AE37-BAC30D67C109}.Release|Any CPU.ActiveCfg = Release|Any CPU
		{F97AD7E9-3A17-47A7-AE37-BAC30D67C109}.Release|Any CPU.Build.0 = Release|Any CPU
		{EDC17B71-6974-4C64-8BDD-C5B772565F0B}.Debug|Any CPU.ActiveCfg = Debug|Any CPU
		{EDC17B71-6974-4C64-8BDD-C5B772565F0B}.Debug|Any CPU.Build.0 = Debug|Any CPU
		{EDC17B71-6974-4C64-8BDD-C5B772565F0B}.Release|Any CPU.ActiveCfg = Release|Any CPU
		{EDC17B71-6974-4C64-8BDD-C5B772565F0B}.Release|Any CPU.Build.0 = Release|Any CPU
	EndGlobalSection
	GlobalSection(SolutionProperties) = preSolution
		HideSolutionNode = FALSE
	EndGlobalSection
	GlobalSection(ExtensibilityGlobals) = postSolution
		SolutionGuid = {886880BD-F06A-4E75-8D1C-FF95B4900693}
	EndGlobalSection
EndGlobal
